
Microsoft Visual Studio Solution File, Format Version 12.00
# Visual Studio Version 17
VisualStudioVersion = 17.9.34622.214
MinimumVisualStudioVersion = 10.0.40219.1
Project("{FAE04EC0-301F-11D3-BF4B-00C04F79EFBC}") = "CRUD_Task", "CRUD_Task\CRUD_Task.csproj", "{CBD03963-9F2D-4AF5-8EC8-AF8EA1C12A73}"
EndProject
Global
	GlobalSection(SolutionConfigurationPlatforms) = preSolution
		Debug|Any CPU = Debug|Any CPU
		Release|Any CPU = Release|Any CPU
	EndGlobalSection
	GlobalSection(ProjectConfigurationPlatforms) = postSolution
		{CBD03963-9F2D-4AF5-8EC8-AF8EA1C12A73}.Debug|Any CPU.ActiveCfg = Debug|Any CPU
		{CBD03963-9F2D-4AF5-8EC8-AF8EA1C12A73}.Debug|Any CPU.Build.0 = Debug|Any CPU
		{CBD03963-9F2D-4AF5-8EC8-AF8EA1C12A73}.Release|Any CPU.ActiveCfg = Release|Any CPU
		{CBD03963-9F2D-4AF5-8EC8-AF8EA1C12A73}.Release|Any CPU.Build.0 = Release|Any CPU
	EndGlobalSection
	GlobalSection(SolutionProperties) = preSolution
		HideSolutionNode = FALSE
	EndGlobalSection
	GlobalSection(ExtensibilityGlobals) = postSolution
		SolutionGuid = {B11E86FB-D226-4682-BF5C-25316C540723}
	EndGlobalSection
EndGlobal
